
Microsoft Visual Studio Solution File, Format Version 12.00
# Visual Studio Version 17
VisualStudioVersion = 17.14.36414.22 d17.14
MinimumVisualStudioVersion = 10.0.40219.1
Project("{FAE04EC0-301F-11D3-BF4B-00C04F79EFBC}") = "BizApp", "BizApp\BizApp.csproj", "{09344546-EC40-426B-BCF8-E597F7D73E0F}"
EndProject
Global
	GlobalSection(SolutionConfigurationPlatforms) = preSolution
		Debug|Any CPU = Debug|Any CPU
		Release|Any CPU = Release|Any CPU
	EndGlobalSection
	GlobalSection(ProjectConfigurationPlatforms) = postSolution
		{09344546-EC40-426B-BCF8-E597F7D73E0F}.Debug|Any CPU.ActiveCfg = Debug|Any CPU
		{09344546-EC40-426B-BCF8-E597F7D73E0F}.Debug|Any CPU.Build.0 = Debug|Any CPU
		{09344546-EC40-426B-BCF8-E597F7D73E0F}.Release|Any CPU.ActiveCfg = Release|Any CPU
		{09344546-EC40-426B-BCF8-E597F7D73E0F}.Release|Any CPU.Build.0 = Release|Any CPU
	EndGlobalSection
	GlobalSection(SolutionProperties) = preSolution
		HideSolutionNode = FALSE
	EndGlobalSection
	GlobalSection(ExtensibilityGlobals) = postSolution
		SolutionGuid = {CCE39A94-596F-4C0E-8353-EEA3E986A5CB}
	EndGlobalSection
EndGlobal
